
Microsoft Visual Studio Solution File, Format Version 12.00
# Visual Studio Version 17
VisualStudioVersion = 17.10.34928.147
MinimumVisualStudioVersion = 10.0.40219.1
Project("{FAE04EC0-301F-11D3-BF4B-00C04F79EFBC}") = "LINQ01", "LINQ01\LINQ01.csproj", "{BF8498EB-2B39-4383-B690-9607B0F28E6E}"
EndProject
Global
	GlobalSection(SolutionConfigurationPlatforms) = preSolution
		Debug|Any CPU = Debug|Any CPU
		Release|Any CPU = Release|Any CPU
	EndGlobalSection
	GlobalSection(ProjectConfigurationPlatforms) = postSolution
		{BF8498EB-2B39-4383-B690-9607B0F28E6E}.Debug|Any CPU.ActiveCfg = Debug|Any CPU
		{BF8498EB-2B39-4383-B690-9607B0F28E6E}.Debug|Any CPU.Build.0 = Debug|Any CPU
		{BF8498EB-2B39-4383-B690-9607B0F28E6E}.Release|Any CPU.ActiveCfg = Release|Any CPU
		{BF8498EB-2B39-4383-B690-9607B0F28E6E}.Release|Any CPU.Build.0 = Release|Any CPU
	EndGlobalSection
	GlobalSection(SolutionProperties) = preSolution
		HideSolutionNode = FALSE
	EndGlobalSection
	GlobalSection(ExtensibilityGlobals) = postSolution
		SolutionGuid = {8128DA54-F96A-4257-A81B-8E686A764E03}
	EndGlobalSection
EndGlobal
